
Microsoft Visual Studio Solution File, Format Version 12.00
# Visual Studio Version 17
VisualStudioVersion = 17.5.33516.290
MinimumVisualStudioVersion = 10.0.40219.1
Project("{9A19103F-16F7-4668-BE54-9A1E7A4F7556}") = "IU", "IU\IU.csproj", "{061B5378-E4F9-4A05-9E06-DB71CCC86322}"
EndProject
Project("{9A19103F-16F7-4668-BE54-9A1E7A4F7556}") = "Dominio", "Dominio\Dominio.csproj", "{C7672803-9AC9-4A5E-B60C-BA1CE93A7E1E}"
EndProject
Project("{FAE04EC0-301F-11D3-BF4B-00C04F79EFBC}") = "WebApp", "WebApp\WebApp.csproj", "{FD327C47-4C47-42D1-8702-9B3E02D1E7F0}"
EndProject
Global
	GlobalSection(SolutionConfigurationPlatforms) = preSolution
		Debug|Any CPU = Debug|Any CPU
		Release|Any CPU = Release|Any CPU
	EndGlobalSection
	GlobalSection(ProjectConfigurationPlatforms) = postSolution
		{061B5378-E4F9-4A05-9E06-DB71CCC86322}.Debug|Any CPU.ActiveCfg = Debug|Any CPU
		{061B5378-E4F9-4A05-9E06-DB71CCC86322}.Debug|Any CPU.Build.0 = Debug|Any CPU
		{061B5378-E4F9-4A05-9E06-DB71CCC86322}.Release|Any CPU.ActiveCfg = Release|Any CPU
		{061B5378-E4F9-4A05-9E06-DB71CCC86322}.Release|Any CPU.Build.0 = Release|Any CPU
		{C7672803-9AC9-4A5E-B60C-BA1CE93A7E1E}.Debug|Any CPU.ActiveCfg = Debug|Any CPU
		{C7672803-9AC9-4A5E-B60C-BA1CE93A7E1E}.Debug|Any CPU.Build.0 = Debug|Any CPU
		{C7672803-9AC9-4A5E-B60C-BA1CE93A7E1E}.Release|Any CPU.ActiveCfg = Release|Any CPU
		{C7672803-9AC9-4A5E-B60C-BA1CE93A7E1E}.Release|Any CPU.Build.0 = Release|Any CPU
		{FD327C47-4C47-42D1-8702-9B3E02D1E7F0}.Debug|Any CPU.ActiveCfg = Debug|Any CPU
		{FD327C47-4C47-42D1-8702-9B3E02D1E7F0}.Debug|Any CPU.Build.0 = Debug|Any CPU
		{FD327C47-4C47-42D1-8702-9B3E02D1E7F0}.Release|Any CPU.ActiveCfg = Release|Any CPU
		{FD327C47-4C47-42D1-8702-9B3E02D1E7F0}.Release|Any CPU.Build.0 = Release|Any CPU
	EndGlobalSection
	GlobalSection(SolutionProperties) = preSolution
		HideSolutionNode = FALSE
	EndGlobalSection
	GlobalSection(ExtensibilityGlobals) = postSolution
		SolutionGuid = {437FD11C-0B05-4DB4-98FE-68D558CE5B48}
	EndGlobalSection
EndGlobal
